{
  "name": "pmc",
  "version": "0.3.0",
  "lockfileVersion": 3,
  "requires": true,
  "packages": {
    "": {
      "name": "pmc",
      "version": "0.3.0",
      "license": "MIT",
      "dependencies": {
        "bignumber.js": "^9.1.2",
        "fast-prng-wasm": "file:../.."
      }
    },
    "../..": {
      "version": "0.0.0-semantically-released",
      "license": "MIT",
      "devDependencies": {
        "@rollup/plugin-typescript": "^12.1.4",
        "@rollup/plugin-wasm": "^6.2.2",
        "@vitest/coverage-v8": "^3.2.4",
        "@vitest/ui": "^3.2.4",
        "assemblyscript": "~0.27.31",
        "assemblyscript-unittest-framework": "^1.4.0",
        "conventional-changelog-conventionalcommits": "^9.1.0",
        "rollup": "^4.52.4",
        "rollup-plugin-copy": "^3.5.0",
        "rollup-plugin-delete": "^3.0.1",
        "rollup-plugin-dts": "^6.2.3",
        "tslib": "^2.8.1",
        "typedoc": "^0.28.13",
        "typedoc-plugin-markdown": "^4.9.0",
        "typescript": "^5.9.3",
        "vitest": "^3.2.4"
      }
    },
    "node_modules/bignumber.js": {
      "version": "9.3.1",
      "resolved": "https://registry.npmjs.org/bignumber.js/-/bignumber.js-9.3.1.tgz",
      "integrity": "sha512-Ko0uX15oIUS7wJ3Rb30Fs6SkVbLmPBAKdlm7q9+ak9bbIeFf0MwuBsQV6z7+X768/cHsfg+WlysDWJcmthjsjQ==",
      "license": "MIT",
      "engines": {
        "node": "*"
      }
    },
    "node_modules/fast-prng-wasm": {
      "resolved": "../..",
      "link": true
    }
  }
}
