{
  "name": "pmc",
  "version": "0.3.0",
  "lockfileVersion": 3,
  "requires": true,
  "packages": {
    "": {
      "name": "pmc",
      "version": "0.3.0",
      "license": "MIT",
      "dependencies": {
        "bignumber.js": "^9.1.2",
        "fast-prng-wasm": "file:../.."
      }
    },
    "../..": {
      "version": "0.0.0-semantically-released",
      "license": "MIT",
      "devDependencies": {
        "@rollup/plugin-typescript": "^12.1.4",
        "@rollup/plugin-wasm": "^6.2.2",
        "assemblyscript": "~0.27.31",
        "conventional-changelog-conventionalcommits": "^9.1.0",
        "rollup": "^4.52.4",
        "rollup-plugin-copy": "^3.5.0",
        "rollup-plugin-delete": "^3.0.1",
        "rollup-plugin-dts": "^6.2.3",
        "tslib": "^2.8.1",
        "typedoc": "^0.28.13",
        "typedoc-plugin-markdown": "^4.9.0",
        "typescript": "^5.9.3"
      }
    },
    "node_modules/bignumber.js": {
      "version": "9.1.2",
      "resolved": "https://registry.npmjs.org/bignumber.js/-/bignumber.js-9.1.2.tgz",
      "integrity": "sha512-2/mKyZH9K85bzOEfhXDBFZTGd1CTs+5IHpeFQo9luiBG7hghdC851Pj2WAhb6E3R6b9tZj/XKhbg4fum+Kepug==",
      "license": "MIT",
      "engines": {
        "node": "*"
      }
    },
    "node_modules/fast-prng-wasm": {
      "resolved": "../..",
      "link": true
    }
  }
}
