{
  "name": "pmc",
  "version": "0.1.0",
  "lockfileVersion": 3,
  "requires": true,
  "packages": {
    "": {
      "name": "pmc",
      "version": "0.1.0",
      "license": "MIT",
      "dependencies": {
        "bignumber.js": "^9.1.2",
        "fast-prng-wasm": "^0.3.1"
      }
    },
    "node_modules/bignumber.js": {
      "version": "9.1.2",
      "resolved": "https://registry.npmjs.org/bignumber.js/-/bignumber.js-9.1.2.tgz",
      "integrity": "sha512-2/mKyZH9K85bzOEfhXDBFZTGd1CTs+5IHpeFQo9luiBG7hghdC851Pj2WAhb6E3R6b9tZj/XKhbg4fum+Kepug==",
      "license": "MIT",
      "engines": {
        "node": "*"
      }
    },
    "node_modules/fast-prng-wasm": {
      "version": "0.3.1",
      "resolved": "https://registry.npmjs.org/fast-prng-wasm/-/fast-prng-wasm-0.3.1.tgz",
      "integrity": "sha512-TXl//BfdEX1OMEK6u7VhR1kKUECJGFZioLoigiImJgiRd9uLifEut4Cifc8GzGSGXLdHhG3DiHiss79QBD+ULQ==",
      "license": "MIT"
    }
  }
}
